
Microsoft Visual Studio Solution File, Format Version 12.00
# Visual Studio Version 17
VisualStudioVersion = 17.8.34601.278
MinimumVisualStudioVersion = 10.0.40219.1
Project("{9A19103F-16F7-4668-BE54-9A1E7A4F7556}") = "Repository", "Repository\Repository.csproj", "{7DE6F682-52AE-4C08-BEE9-65CC9432B91B}"
EndProject
Project("{FAE04EC0-301F-11D3-BF4B-00C04F79EFBC}") = "KPCOS_API", "KPCOS_API\KPCOS_API.csproj", "{2C54C6B3-47C9-4AC6-AC29-B6201021D5C1}"
EndProject
Global
	GlobalSection(SolutionConfigurationPlatforms) = preSolution
		Debug|Any CPU = Debug|Any CPU
		Release|Any CPU = Release|Any CPU
	EndGlobalSection
	GlobalSection(ProjectConfigurationPlatforms) = postSolution
		{7DE6F682-52AE-4C08-BEE9-65CC9432B91B}.Debug|Any CPU.ActiveCfg = Debug|Any CPU
		{7DE6F682-52AE-4C08-BEE9-65CC9432B91B}.Debug|Any CPU.Build.0 = Debug|Any CPU
		{7DE6F682-52AE-4C08-BEE9-65CC9432B91B}.Release|Any CPU.ActiveCfg = Release|Any CPU
		{7DE6F682-52AE-4C08-BEE9-65CC9432B91B}.Release|Any CPU.Build.0 = Release|Any CPU
		{2C54C6B3-47C9-4AC6-AC29-B6201021D5C1}.Debug|Any CPU.ActiveCfg = Debug|Any CPU
		{2C54C6B3-47C9-4AC6-AC29-B6201021D5C1}.Debug|Any CPU.Build.0 = Debug|Any CPU
		{2C54C6B3-47C9-4AC6-AC29-B6201021D5C1}.Release|Any CPU.ActiveCfg = Release|Any CPU
		{2C54C6B3-47C9-4AC6-AC29-B6201021D5C1}.Release|Any CPU.Build.0 = Release|Any CPU
	EndGlobalSection
	GlobalSection(SolutionProperties) = preSolution
		HideSolutionNode = FALSE
	EndGlobalSection
	GlobalSection(ExtensibilityGlobals) = postSolution
		SolutionGuid = {42E54C0C-8350-41E8-A5F7-FEDD847CA39D}
	EndGlobalSection
EndGlobal
